// !$*UTF8*$!
{
	archiveVersion = 1;
	classes = {
	};
	objectVersion = 50;
	objects = {

/* Begin PBXBuildFile section */
		4A8C4AEEBD2A1546EA18A286 /* Pods_UsersDemo.framework in Frameworks */ = {isa = PBXBuildFile; fileRef = 7342E7F0A15ACCB8E5545232 /* Pods_UsersDemo.framework */; };
		A1057360218484B700554194 /* RemoteUser.swift in Sources */ = {isa = PBXBuildFile; fileRef = A105735F218484B700554194 /* RemoteUser.swift */; };
		A10573622184897200554194 /* UserProtocol.swift in Sources */ = {isa = PBXBuildFile; fileRef = A10573612184897200554194 /* UserProtocol.swift */; };
		A10573772184916D00554194 /* SavedUser+CoreDataClass.swift in Sources */ = {isa = PBXBuildFile; fileRef = A10573752184916D00554194 /* SavedUser+CoreDataClass.swift */; };
		A10573782184916D00554194 /* SavedUser+CoreDataProperties.swift in Sources */ = {isa = PBXBuildFile; fileRef = A10573762184916D00554194 /* SavedUser+CoreDataProperties.swift */; };
		A105737A218499A400554194 /* PersistenceManager.swift in Sources */ = {isa = PBXBuildFile; fileRef = A1057379218499A400554194 /* PersistenceManager.swift */; };
		A119849E217E2B4500249D6B /* AppDelegate.swift in Sources */ = {isa = PBXBuildFile; fileRef = A119849D217E2B4500249D6B /* AppDelegate.swift */; };
		A11984A5217E2B4500249D6B /* Main.storyboard in Resources */ = {isa = PBXBuildFile; fileRef = A11984A3217E2B4500249D6B /* Main.storyboard */; };
		A11984A7217E2B4700249D6B /* Assets.xcassets in Resources */ = {isa = PBXBuildFile; fileRef = A11984A6217E2B4700249D6B /* Assets.xcassets */; };
		A11984AA217E2B4700249D6B /* LaunchScreen.storyboard in Resources */ = {isa = PBXBuildFile; fileRef = A11984A8217E2B4700249D6B /* LaunchScreen.storyboard */; };
		A11984B2217E41B100249D6B /* Profile.storyboard in Resources */ = {isa = PBXBuildFile; fileRef = A11984B1217E41B100249D6B /* Profile.storyboard */; };
		A1343B6C217F901C00170C0B /* UserCell.swift in Sources */ = {isa = PBXBuildFile; fileRef = A1343B6B217F901C00170C0B /* UserCell.swift */; };
		A1343B71217F9EAA00170C0B /* GeneralUsersViewController.swift in Sources */ = {isa = PBXBuildFile; fileRef = A1343B70217F9EAA00170C0B /* GeneralUsersViewController.swift */; };
		A1343B73217F9EF400170C0B /* SavedUsersViewController.swift in Sources */ = {isa = PBXBuildFile; fileRef = A1343B72217F9EF400170C0B /* SavedUsersViewController.swift */; };
		A1343B7A2180E15000170C0B /* ProfileViewController.swift in Sources */ = {isa = PBXBuildFile; fileRef = A1343B792180E15000170C0B /* ProfileViewController.swift */; };
		A1343B802180F09B00170C0B /* RequestHandler.swift in Sources */ = {isa = PBXBuildFile; fileRef = A1343B7F2180F09B00170C0B /* RequestHandler.swift */; };
		A13B129321822BE4000D2E71 /* UsersWrapper.swift in Sources */ = {isa = PBXBuildFile; fileRef = A13B129221822BE4000D2E71 /* UsersWrapper.swift */; };
		A1875FC42185134400714D01 /* AlertManager.swift in Sources */ = {isa = PBXBuildFile; fileRef = A1875FC32185134400714D01 /* AlertManager.swift */; };
		A187B26321825EB8009532A9 /* UserImageWrapper.swift in Sources */ = {isa = PBXBuildFile; fileRef = A187B26221825EB7009532A9 /* UserImageWrapper.swift */; };
		A1D665022185186C00984F5F /* UserImageProtocol.swift in Sources */ = {isa = PBXBuildFile; fileRef = A1D665012185186C00984F5F /* UserImageProtocol.swift */; };
		A1E77F2B2183D0E000426C4D /* InputValidator.swift in Sources */ = {isa = PBXBuildFile; fileRef = A1E77F2A2183D0E000426C4D /* InputValidator.swift */; };
		A1E77F2E2183DC4900426C4D /* UserCoreDataModel.xcdatamodeld in Sources */ = {isa = PBXBuildFile; fileRef = A1E77F2C2183DC4900426C4D /* UserCoreDataModel.xcdatamodeld */; };
/* End PBXBuildFile section */

/* Begin PBXFileReference section */
		2EC11507F9406CD4BE1464BF /* Pods-UsersDemo.debug.xcconfig */ = {isa = PBXFileReference; includeInIndex = 1; lastKnownFileType = text.xcconfig; name = "Pods-UsersDemo.debug.xcconfig"; path = "Pods/Target Support Files/Pods-UsersDemo/Pods-UsersDemo.debug.xcconfig"; sourceTree = "<group>"; };
		4DA4CA0826D7A3F37BFAF978 /* Pods-UsersDemo.release.xcconfig */ = {isa = PBXFileReference; includeInIndex = 1; lastKnownFileType = text.xcconfig; name = "Pods-UsersDemo.release.xcconfig"; path = "Pods/Target Support Files/Pods-UsersDemo/Pods-UsersDemo.release.xcconfig"; sourceTree = "<group>"; };
		7342E7F0A15ACCB8E5545232 /* Pods_UsersDemo.framework */ = {isa = PBXFileReference; explicitFileType = wrapper.framework; includeInIndex = 0; path = Pods_UsersDemo.framework; sourceTree = BUILT_PRODUCTS_DIR; };
		A105735F218484B700554194 /* RemoteUser.swift */ = {isa = PBXFileReference; fileEncoding = 4; lastKnownFileType = sourcecode.swift; path = RemoteUser.swift; sourceTree = "<group>"; };
		A10573612184897200554194 /* UserProtocol.swift */ = {isa = PBXFileReference; lastKnownFileType = sourcecode.swift; path = UserProtocol.swift; sourceTree = "<group>"; };
		A10573752184916D00554194 /* SavedUser+CoreDataClass.swift */ = {isa = PBXFileReference; lastKnownFileType = sourcecode.swift; path = "SavedUser+CoreDataClass.swift"; sourceTree = "<group>"; };
		A10573762184916D00554194 /* SavedUser+CoreDataProperties.swift */ = {isa = PBXFileReference; lastKnownFileType = sourcecode.swift; path = "SavedUser+CoreDataProperties.swift"; sourceTree = "<group>"; };
		A1057379218499A400554194 /* PersistenceManager.swift */ = {isa = PBXFileReference; lastKnownFileType = sourcecode.swift; path = PersistenceManager.swift; sourceTree = "<group>"; };
		A119849A217E2B4500249D6B /* UsersDemo.app */ = {isa = PBXFileReference; explicitFileType = wrapper.application; includeInIndex = 0; path = UsersDemo.app; sourceTree = BUILT_PRODUCTS_DIR; };
		A119849D217E2B4500249D6B /* AppDelegate.swift */ = {isa = PBXFileReference; lastKnownFileType = sourcecode.swift; path = AppDelegate.swift; sourceTree = "<group>"; };
		A11984A4217E2B4500249D6B /* Base */ = {isa = PBXFileReference; lastKnownFileType = file.storyboard; name = Base; path = Base.lproj/Main.storyboard; sourceTree = "<group>"; };
		A11984A6217E2B4700249D6B /* Assets.xcassets */ = {isa = PBXFileReference; lastKnownFileType = folder.assetcatalog; path = Assets.xcassets; sourceTree = "<group>"; };
		A11984A9217E2B4700249D6B /* Base */ = {isa = PBXFileReference; lastKnownFileType = file.storyboard; name = Base; path = Base.lproj/LaunchScreen.storyboard; sourceTree = "<group>"; };
		A11984AB217E2B4700249D6B /* Info.plist */ = {isa = PBXFileReference; lastKnownFileType = text.plist.xml; path = Info.plist; sourceTree = "<group>"; };
		A11984B1217E41B100249D6B /* Profile.storyboard */ = {isa = PBXFileReference; lastKnownFileType = file.storyboard; path = Profile.storyboard; sourceTree = "<group>"; };
		A1343B6B217F901C00170C0B /* UserCell.swift */ = {isa = PBXFileReference; lastKnownFileType = sourcecode.swift; path = UserCell.swift; sourceTree = "<group>"; };
		A1343B70217F9EAA00170C0B /* GeneralUsersViewController.swift */ = {isa = PBXFileReference; lastKnownFileType = sourcecode.swift; path = GeneralUsersViewController.swift; sourceTree = "<group>"; };
		A1343B72217F9EF400170C0B /* SavedUsersViewController.swift */ = {isa = PBXFileReference; lastKnownFileType = sourcecode.swift; path = SavedUsersViewController.swift; sourceTree = "<group>"; };
		A1343B792180E15000170C0B /* ProfileViewController.swift */ = {isa = PBXFileReference; lastKnownFileType = sourcecode.swift; path = ProfileViewController.swift; sourceTree = "<group>"; };
		A1343B7F2180F09B00170C0B /* RequestHandler.swift */ = {isa = PBXFileReference; lastKnownFileType = sourcecode.swift; path = RequestHandler.swift; sourceTree = "<group>"; };
		A13B129221822BE4000D2E71 /* UsersWrapper.swift */ = {isa = PBXFileReference; lastKnownFileType = sourcecode.swift; path = UsersWrapper.swift; sourceTree = "<group>"; };
		A1875FC32185134400714D01 /* AlertManager.swift */ = {isa = PBXFileReference; lastKnownFileType = sourcecode.swift; path = AlertManager.swift; sourceTree = "<group>"; };
		A187B26221825EB7009532A9 /* UserImageWrapper.swift */ = {isa = PBXFileReference; lastKnownFileType = sourcecode.swift; path = UserImageWrapper.swift; sourceTree = "<group>"; };
		A1D665012185186C00984F5F /* UserImageProtocol.swift */ = {isa = PBXFileReference; lastKnownFileType = sourcecode.swift; path = UserImageProtocol.swift; sourceTree = "<group>"; };
		A1E77F2A2183D0E000426C4D /* InputValidator.swift */ = {isa = PBXFileReference; lastKnownFileType = sourcecode.swift; path = InputValidator.swift; sourceTree = "<group>"; };
		A1E77F2D2183DC4900426C4D /* UserCoreDataModel.xcdatamodel */ = {isa = PBXFileReference; lastKnownFileType = wrapper.xcdatamodel; path = UserCoreDataModel.xcdatamodel; sourceTree = "<group>"; };
/* End PBXFileReference section */

/* Begin PBXFrameworksBuildPhase section */
		A1198497217E2B4500249D6B /* Frameworks */ = {
			isa = PBXFrameworksBuildPhase;
			buildActionMask = 2147483647;
			files = (
				4A8C4AEEBD2A1546EA18A286 /* Pods_UsersDemo.framework in Frameworks */,
			);
			runOnlyForDeploymentPostprocessing = 0;
		};
/* End PBXFrameworksBuildPhase section */

/* Begin PBXGroup section */
		A1057363218489D900554194 /* Classes */ = {
			isa = PBXGroup;
			children = (
				A10573752184916D00554194 /* SavedUser+CoreDataClass.swift */,
				A10573762184916D00554194 /* SavedUser+CoreDataProperties.swift */,
				A105735F218484B700554194 /* RemoteUser.swift */,
			);
			path = Classes;
			sourceTree = "<group>";
		};
		A1057364218489E700554194 /* Protocols */ = {
			isa = PBXGroup;
			children = (
				A10573612184897200554194 /* UserProtocol.swift */,
				A1D665012185186C00984F5F /* UserImageProtocol.swift */,
			);
			path = Protocols;
			sourceTree = "<group>";
		};
		A105737B2184BC9900554194 /* Protocols */ = {
			isa = PBXGroup;
			children = (
			);
			path = Protocols;
			sourceTree = "<group>";
		};
		A1198491217E2B4500249D6B = {
			isa = PBXGroup;
			children = (
				A119849C217E2B4500249D6B /* UsersDemo */,
				FBEA351044280A643225877B /* Pods */,
				C519060D0CB18C382ABE769B /* Frameworks */,
			);
			sourceTree = "<group>";
		};
		A119849B217E2B4500249D6B /* Products */ = {
			isa = PBXGroup;
			children = (
				A119849A217E2B4500249D6B /* UsersDemo.app */,
			);
			name = Products;
			path = ..;
			sourceTree = "<group>";
		};
		A119849C217E2B4500249D6B /* UsersDemo */ = {
			isa = PBXGroup;
			children = (
				A1343B812180FEC300170C0B /* Models */,
				A119849B217E2B4500249D6B /* Products */,
				A1343B6F217F9E8500170C0B /* Controllers */,
				A1343B68217F8FCF00170C0B /* Core */,
				A1343B67217F8F2F00170C0B /* Storyboards */,
				A119849D217E2B4500249D6B /* AppDelegate.swift */,
				A11984A6217E2B4700249D6B /* Assets.xcassets */,
				A11984AB217E2B4700249D6B /* Info.plist */,
			);
			path = UsersDemo;
			sourceTree = "<group>";
		};
		A1343B67217F8F2F00170C0B /* Storyboards */ = {
			isa = PBXGroup;
			children = (
				A11984A8217E2B4700249D6B /* LaunchScreen.storyboard */,
				A11984B1217E41B100249D6B /* Profile.storyboard */,
				A11984A3217E2B4500249D6B /* Main.storyboard */,
			);
			path = Storyboards;
			sourceTree = "<group>";
		};
		A1343B68217F8FCF00170C0B /* Core */ = {
			isa = PBXGroup;
			children = (
				A1343B6A217F8FF800170C0B /* ProfileStoryboard */,
				A1343B69217F8FDA00170C0B /* MainStoryboard */,
				A1057379218499A400554194 /* PersistenceManager.swift */,
				A1875FC32185134400714D01 /* AlertManager.swift */,
			);
			path = Core;
			sourceTree = "<group>";
		};
		A1343B69217F8FDA00170C0B /* MainStoryboard */ = {
			isa = PBXGroup;
			children = (
				A1343B6B217F901C00170C0B /* UserCell.swift */,
				A1343B7F2180F09B00170C0B /* RequestHandler.swift */,
			);
			path = MainStoryboard;
			sourceTree = "<group>";
		};
		A1343B6A217F8FF800170C0B /* ProfileStoryboard */ = {
			isa = PBXGroup;
			children = (
				A1E77F2A2183D0E000426C4D /* InputValidator.swift */,
			);
			path = ProfileStoryboard;
			sourceTree = "<group>";
		};
		A1343B6F217F9E8500170C0B /* Controllers */ = {
			isa = PBXGroup;
			children = (
				A105737B2184BC9900554194 /* Protocols */,
				A1343B70217F9EAA00170C0B /* GeneralUsersViewController.swift */,
				A1343B72217F9EF400170C0B /* SavedUsersViewController.swift */,
				A1343B792180E15000170C0B /* ProfileViewController.swift */,
			);
			path = Controllers;
			sourceTree = "<group>";
		};
		A1343B812180FEC300170C0B /* Models */ = {
			isa = PBXGroup;
			children = (
				A1057364218489E700554194 /* Protocols */,
				A1057363218489D900554194 /* Classes */,
				A13B129121822B62000D2E71 /* Wrappers */,
				A1E77F2C2183DC4900426C4D /* UserCoreDataModel.xcdatamodeld */,
			);
			path = Models;
			sourceTree = "<group>";
		};
		A13B129121822B62000D2E71 /* Wrappers */ = {
			isa = PBXGroup;
			children = (
				A13B129221822BE4000D2E71 /* UsersWrapper.swift */,
				A187B26221825EB7009532A9 /* UserImageWrapper.swift */,
			);
			path = Wrappers;
			sourceTree = "<group>";
		};
		C519060D0CB18C382ABE769B /* Frameworks */ = {
			isa = PBXGroup;
			children = (
				7342E7F0A15ACCB8E5545232 /* Pods_UsersDemo.framework */,
			);
			name = Frameworks;
			sourceTree = "<group>";
		};
		FBEA351044280A643225877B /* Pods */ = {
			isa = PBXGroup;
			children = (
				2EC11507F9406CD4BE1464BF /* Pods-UsersDemo.debug.xcconfig */,
				4DA4CA0826D7A3F37BFAF978 /* Pods-UsersDemo.release.xcconfig */,
			);
			name = Pods;
			sourceTree = "<group>";
		};
/* End PBXGroup section */

/* Begin PBXNativeTarget section */
		A1198499217E2B4500249D6B /* UsersDemo */ = {
			isa = PBXNativeTarget;
			buildConfigurationList = A11984AE217E2B4700249D6B /* Build configuration list for PBXNativeTarget "UsersDemo" */;
			buildPhases = (
				1969A7AAE9B26F9F88CF792D /* [CP] Check Pods Manifest.lock */,
				A1198496217E2B4500249D6B /* Sources */,
				A1198497217E2B4500249D6B /* Frameworks */,
				A1198498217E2B4500249D6B /* Resources */,
				2B133BCC7164064F8938E221 /* [CP] Embed Pods Frameworks */,
			);
			buildRules = (
			);
			dependencies = (
			);
			name = UsersDemo;
			productName = UsersDemo;
			productReference = A119849A217E2B4500249D6B /* UsersDemo.app */;
			productType = "com.apple.product-type.application";
		};
/* End PBXNativeTarget section */

/* Begin PBXProject section */
		A1198492217E2B4500249D6B /* Project object */ = {
			isa = PBXProject;
			attributes = {
				LastSwiftUpdateCheck = 1000;
				LastUpgradeCheck = 1000;
				ORGANIZATIONNAME = "Andrey Popazov";
				TargetAttributes = {
					A1198499217E2B4500249D6B = {
						CreatedOnToolsVersion = 10.0;
					};
				};
			};
			buildConfigurationList = A1198495217E2B4500249D6B /* Build configuration list for PBXProject "UsersDemo" */;
			compatibilityVersion = "Xcode 9.3";
			developmentRegion = en;
			hasScannedForEncodings = 0;
			knownRegions = (
				en,
				Base,
			);
			mainGroup = A1198491217E2B4500249D6B;
			productRefGroup = A119849B217E2B4500249D6B /* Products */;
			projectDirPath = "";
			projectRoot = "";
			targets = (
				A1198499217E2B4500249D6B /* UsersDemo */,
			);
		};
/* End PBXProject section */

/* Begin PBXResourcesBuildPhase section */
		A1198498217E2B4500249D6B /* Resources */ = {
			isa = PBXResourcesBuildPhase;
			buildActionMask = 2147483647;
			files = (
				A11984AA217E2B4700249D6B /* LaunchScreen.storyboard in Resources */,
				A11984A7217E2B4700249D6B /* Assets.xcassets in Resources */,
				A11984B2217E41B100249D6B /* Profile.storyboard in Resources */,
				A11984A5217E2B4500249D6B /* Main.storyboard in Resources */,
			);
			runOnlyForDeploymentPostprocessing = 0;
		};
/* End PBXResourcesBuildPhase section */

/* Begin PBXShellScriptBuildPhase section */
		1969A7AAE9B26F9F88CF792D /* [CP] Check Pods Manifest.lock */ = {
			isa = PBXShellScriptBuildPhase;
			buildActionMask = 2147483647;
			files = (
			);
			inputFileListPaths = (
			);
			inputPaths = (
				"${PODS_PODFILE_DIR_PATH}/Podfile.lock",
				"${PODS_ROOT}/Manifest.lock",
			);
			name = "[CP] Check Pods Manifest.lock";
			outputFileListPaths = (
			);
			outputPaths = (
				"$(DERIVED_FILE_DIR)/Pods-UsersDemo-checkManifestLockResult.txt",
			);
			runOnlyForDeploymentPostprocessing = 0;
			shellPath = /bin/sh;
			shellScript = "diff \"${PODS_PODFILE_DIR_PATH}/Podfile.lock\" \"${PODS_ROOT}/Manifest.lock\" > /dev/null\nif [ $? != 0 ] ; then\n    # print error to STDERR\n    echo \"error: The sandbox is not in sync with the Podfile.lock. Run 'pod install' or update your CocoaPods installation.\" >&2\n    exit 1\nfi\n# This output is used by Xcode 'outputs' to avoid re-running this script phase.\necho \"SUCCESS\" > \"${SCRIPT_OUTPUT_FILE_0}\"\n";
			showEnvVarsInLog = 0;
		};
		2B133BCC7164064F8938E221 /* [CP] Embed Pods Frameworks */ = {
			isa = PBXShellScriptBuildPhase;
			buildActionMask = 2147483647;
			files = (
			);
			inputFileListPaths = (
			);
			inputPaths = (
				"${SRCROOT}/Pods/Target Support Files/Pods-UsersDemo/Pods-UsersDemo-frameworks.sh",
				"${BUILT_PRODUCTS_DIR}/Alamofire/Alamofire.framework",
			);
			name = "[CP] Embed Pods Frameworks";
			outputFileListPaths = (
			);
			outputPaths = (
				"${TARGET_BUILD_DIR}/${FRAMEWORKS_FOLDER_PATH}/Alamofire.framework",
			);
			runOnlyForDeploymentPostprocessing = 0;
			shellPath = /bin/sh;
			shellScript = "\"${SRCROOT}/Pods/Target Support Files/Pods-UsersDemo/Pods-UsersDemo-frameworks.sh\"\n";
			showEnvVarsInLog = 0;
		};
/* End PBXShellScriptBuildPhase section */

/* Begin PBXSourcesBuildPhase section */
		A1198496217E2B4500249D6B /* Sources */ = {
			isa = PBXSourcesBuildPhase;
			buildActionMask = 2147483647;
			files = (
				A1875FC42185134400714D01 /* AlertManager.swift in Sources */,
				A187B26321825EB8009532A9 /* UserImageWrapper.swift in Sources */,
				A1E77F2E2183DC4900426C4D /* UserCoreDataModel.xcdatamodeld in Sources */,
				A1343B7A2180E15000170C0B /* ProfileViewController.swift in Sources */,
				A105737A218499A400554194 /* PersistenceManager.swift in Sources */,
				A1343B6C217F901C00170C0B /* UserCell.swift in Sources */,
				A1343B73217F9EF400170C0B /* SavedUsersViewController.swift in Sources */,
				A1D665022185186C00984F5F /* UserImageProtocol.swift in Sources */,
				A1343B71217F9EAA00170C0B /* GeneralUsersViewController.swift in Sources */,
				A10573782184916D00554194 /* SavedUser+CoreDataProperties.swift in Sources */,
				A119849E217E2B4500249D6B /* AppDelegate.swift in Sources */,
				A10573622184897200554194 /* UserProtocol.swift in Sources */,
				A1057360218484B700554194 /* RemoteUser.swift in Sources */,
				A10573772184916D00554194 /* SavedUser+CoreDataClass.swift in Sources */,
				A13B129321822BE4000D2E71 /* UsersWrapper.swift in Sources */,
				A1343B802180F09B00170C0B /* RequestHandler.swift in Sources */,
				A1E77F2B2183D0E000426C4D /* InputValidator.swift in Sources */,
			);
			runOnlyForDeploymentPostprocessing = 0;
		};
/* End PBXSourcesBuildPhase section */

/* Begin PBXVariantGroup section */
		A11984A3217E2B4500249D6B /* Main.storyboard */ = {
			isa = PBXVariantGroup;
			children = (
				A11984A4217E2B4500249D6B /* Base */,
			);
			name = Main.storyboard;
			sourceTree = "<group>";
		};
		A11984A8217E2B4700249D6B /* LaunchScreen.storyboard */ = {
			isa = PBXVariantGroup;
			children = (
				A11984A9217E2B4700249D6B /* Base */,
			);
			name = LaunchScreen.storyboard;
			sourceTree = "<group>";
		};
/* End PBXVariantGroup section */

/* Begin XCBuildConfiguration section */
		A11984AC217E2B4700249D6B /* Debug */ = {
			isa = XCBuildConfiguration;
			buildSettings = {
				ALWAYS_SEARCH_USER_PATHS = NO;
				CLANG_ANALYZER_NONNULL = YES;
				CLANG_ANALYZER_NUMBER_OBJECT_CONVERSION = YES_AGGRESSIVE;
				CLANG_CXX_LANGUAGE_STANDARD = "gnu++14";
				CLANG_CXX_LIBRARY = "libc++";
				CLANG_ENABLE_MODULES = YES;
				CLANG_ENABLE_OBJC_ARC = YES;
				CLANG_ENABLE_OBJC_WEAK = YES;
				CLANG_WARN_BLOCK_CAPTURE_AUTORELEASING = YES;
				CLANG_WARN_BOOL_CONVERSION = YES;
				CLANG_WARN_COMMA = YES;
				CLANG_WARN_CONSTANT_CONVERSION = YES;
				CLANG_WARN_DEPRECATED_OBJC_IMPLEMENTATIONS = YES;
				CLANG_WARN_DIRECT_OBJC_ISA_USAGE = YES_ERROR;
				CLANG_WARN_DOCUMENTATION_COMMENTS = YES;
				CLANG_WARN_EMPTY_BODY = YES;
				CLANG_WARN_ENUM_CONVERSION = YES;
				CLANG_WARN_INFINITE_RECURSION = YES;
				CLANG_WARN_INT_CONVERSION = YES;
				CLANG_WARN_NON_LITERAL_NULL_CONVERSION = YES;
				CLANG_WARN_OBJC_IMPLICIT_RETAIN_SELF = YES;
				CLANG_WARN_OBJC_LITERAL_CONVERSION = YES;
				CLANG_WARN_OBJC_ROOT_CLASS = YES_ERROR;
				CLANG_WARN_RANGE_LOOP_ANALYSIS = YES;
				CLANG_WARN_STRICT_PROTOTYPES = YES;
				CLANG_WARN_SUSPICIOUS_MOVE = YES;
				CLANG_WARN_UNGUARDED_AVAILABILITY = YES_AGGRESSIVE;
				CLANG_WARN_UNREACHABLE_CODE = YES;
				CLANG_WARN__DUPLICATE_METHOD_MATCH = YES;
				CODE_SIGN_IDENTITY = "iPhone Developer";
				COPY_PHASE_STRIP = NO;
				DEBUG_INFORMATION_FORMAT = dwarf;
				ENABLE_STRICT_OBJC_MSGSEND = YES;
				ENABLE_TESTABILITY = YES;
				GCC_C_LANGUAGE_STANDARD = gnu11;
				GCC_DYNAMIC_NO_PIC = NO;
				GCC_NO_COMMON_BLOCKS = YES;
				GCC_OPTIMIZATION_LEVEL = 0;
				GCC_PREPROCESSOR_DEFINITIONS = (
					"DEBUG=1",
					"$(inherited)",
				);
				GCC_WARN_64_TO_32_BIT_CONVERSION = YES;
				GCC_WARN_ABOUT_RETURN_TYPE = YES_ERROR;
				GCC_WARN_UNDECLARED_SELECTOR = YES;
				GCC_WARN_UNINITIALIZED_AUTOS = YES_AGGRESSIVE;
				GCC_WARN_UNUSED_FUNCTION = YES;
				GCC_WARN_UNUSED_VARIABLE = YES;
				IPHONEOS_DEPLOYMENT_TARGET = 12.0;
				MTL_ENABLE_DEBUG_INFO = INCLUDE_SOURCE;
				MTL_FAST_MATH = YES;
				ONLY_ACTIVE_ARCH = YES;
				SDKROOT = iphoneos;
				SWIFT_ACTIVE_COMPILATION_CONDITIONS = DEBUG;
				SWIFT_OPTIMIZATION_LEVEL = "-Onone";
			};
			name = Debug;
		};
		A11984AD217E2B4700249D6B /* Release */ = {
			isa = XCBuildConfiguration;
			buildSettings = {
				ALWAYS_SEARCH_USER_PATHS = NO;
				CLANG_ANALYZER_NONNULL = YES;
				CLANG_ANALYZER_NUMBER_OBJECT_CONVERSION = YES_AGGRESSIVE;
				CLANG_CXX_LANGUAGE_STANDARD = "gnu++14";
				CLANG_CXX_LIBRARY = "libc++";
				CLANG_ENABLE_MODULES = YES;
				CLANG_ENABLE_OBJC_ARC = YES;
				CLANG_ENABLE_OBJC_WEAK = YES;
				CLANG_WARN_BLOCK_CAPTURE_AUTORELEASING = YES;
				CLANG_WARN_BOOL_CONVERSION = YES;
				CLANG_WARN_COMMA = YES;
				CLANG_WARN_CONSTANT_CONVERSION = YES;
				CLANG_WARN_DEPRECATED_OBJC_IMPLEMENTATIONS = YES;
				CLANG_WARN_DIRECT_OBJC_ISA_USAGE = YES_ERROR;
				CLANG_WARN_DOCUMENTATION_COMMENTS = YES;
				CLANG_WARN_EMPTY_BODY = YES;
				CLANG_WARN_ENUM_CONVERSION = YES;
				CLANG_WARN_INFINITE_RECURSION = YES;
				CLANG_WARN_INT_CONVERSION = YES;
				CLANG_WARN_NON_LITERAL_NULL_CONVERSION = YES;
				CLANG_WARN_OBJC_IMPLICIT_RETAIN_SELF = YES;
				CLANG_WARN_OBJC_LITERAL_CONVERSION = YES;
				CLANG_WARN_OBJC_ROOT_CLASS = YES_ERROR;
				CLANG_WARN_RANGE_LOOP_ANALYSIS = YES;
				CLANG_WARN_STRICT_PROTOTYPES = YES;
				CLANG_WARN_SUSPICIOUS_MOVE = YES;
				CLANG_WARN_UNGUARDED_AVAILABILITY = YES_AGGRESSIVE;
				CLANG_WARN_UNREACHABLE_CODE = YES;
				CLANG_WARN__DUPLICATE_METHOD_MATCH = YES;
				CODE_SIGN_IDENTITY = "iPhone Developer";
				COPY_PHASE_STRIP = NO;
				DEBUG_INFORMATION_FORMAT = "dwarf-with-dsym";
				ENABLE_NS_ASSERTIONS = NO;
				ENABLE_STRICT_OBJC_MSGSEND = YES;
				GCC_C_LANGUAGE_STANDARD = gnu11;
				GCC_NO_COMMON_BLOCKS = YES;
				GCC_WARN_64_TO_32_BIT_CONVERSION = YES;
				GCC_WARN_ABOUT_RETURN_TYPE = YES_ERROR;
				GCC_WARN_UNDECLARED_SELECTOR = YES;
				GCC_WARN_UNINITIALIZED_AUTOS = YES_AGGRESSIVE;
				GCC_WARN_UNUSED_FUNCTION = YES;
				GCC_WARN_UNUSED_VARIABLE = YES;
				IPHONEOS_DEPLOYMENT_TARGET = 12.0;
				MTL_ENABLE_DEBUG_INFO = NO;
				MTL_FAST_MATH = YES;
				SDKROOT = iphoneos;
				SWIFT_COMPILATION_MODE = wholemodule;
				SWIFT_OPTIMIZATION_LEVEL = "-O";
				VALIDATE_PRODUCT = YES;
			};
			name = Release;
		};
		A11984AF217E2B4700249D6B /* Debug */ = {
			isa = XCBuildConfiguration;
			baseConfigurationReference = 2EC11507F9406CD4BE1464BF /* Pods-UsersDemo.debug.xcconfig */;
			buildSettings = {
				ASSETCATALOG_COMPILER_APPICON_NAME = AppIcon;
				CODE_SIGN_STYLE = Automatic;
				DEVELOPMENT_TEAM = M7RFR68QR6;
				INFOPLIST_FILE = UsersDemo/Info.plist;
				LD_RUNPATH_SEARCH_PATHS = (
					"$(inherited)",
					"@executable_path/Frameworks",
				);
				PRODUCT_BUNDLE_IDENTIFIER = Existence.UsersDemo;
				PRODUCT_NAME = "$(TARGET_NAME)";
				SWIFT_VERSION = 4.2;
				TARGETED_DEVICE_FAMILY = "1,2";
			};
			name = Debug;
		};
		A11984B0217E2B4700249D6B /* Release */ = {
			isa = XCBuildConfiguration;
			baseConfigurationReference = 4DA4CA0826D7A3F37BFAF978 /* Pods-UsersDemo.release.xcconfig */;
			buildSettings = {
				ASSETCATALOG_COMPILER_APPICON_NAME = AppIcon;
				CODE_SIGN_STYLE = Automatic;
				DEVELOPMENT_TEAM = M7RFR68QR6;
				INFOPLIST_FILE = UsersDemo/Info.plist;
				LD_RUNPATH_SEARCH_PATHS = (
					"$(inherited)",
					"@executable_path/Frameworks",
				);
				PRODUCT_BUNDLE_IDENTIFIER = Existence.UsersDemo;
				PRODUCT_NAME = "$(TARGET_NAME)";
				SWIFT_VERSION = 4.2;
				TARGETED_DEVICE_FAMILY = "1,2";
			};
			name = Release;
		};
/* End XCBuildConfiguration section */

/* Begin XCConfigurationList section */
		A1198495217E2B4500249D6B /* Build configuration list for PBXProject "UsersDemo" */ = {
			isa = XCConfigurationList;
			buildConfigurations = (
				A11984AC217E2B4700249D6B /* Debug */,
				A11984AD217E2B4700249D6B /* Release */,
			);
			defaultConfigurationIsVisible = 0;
			defaultConfigurationName = Release;
		};
		A11984AE217E2B4700249D6B /* Build configuration list for PBXNativeTarget "UsersDemo" */ = {
			isa = XCConfigurationList;
			buildConfigurations = (
				A11984AF217E2B4700249D6B /* Debug */,
				A11984B0217E2B4700249D6B /* Release */,
			);
			defaultConfigurationIsVisible = 0;
			defaultConfigurationName = Release;
		};
/* End XCConfigurationList section */

/* Begin XCVersionGroup section */
		A1E77F2C2183DC4900426C4D /* UserCoreDataModel.xcdatamodeld */ = {
			isa = XCVersionGroup;
			children = (
				A1E77F2D2183DC4900426C4D /* UserCoreDataModel.xcdatamodel */,
			);
			currentVersion = A1E77F2D2183DC4900426C4D /* UserCoreDataModel.xcdatamodel */;
			path = UserCoreDataModel.xcdatamodeld;
			sourceTree = "<group>";
			versionGroupType = wrapper.xcdatamodel;
		};
/* End XCVersionGroup section */
	};
	rootObject = A1198492217E2B4500249D6B /* Project object */;
}
