// !$*UTF8*$!
{
	archiveVersion = 1;
	classes = {
	};
	objectVersion = 50;
	objects = {

/* Begin PBXBuildFile section */
		A119849E217E2B4500249D6B /* AppDelegate.swift in Sources */ = {isa = PBXBuildFile; fileRef = A119849D217E2B4500249D6B /* AppDelegate.swift */; };
		A11984A5217E2B4500249D6B /* Main.storyboard in Resources */ = {isa = PBXBuildFile; fileRef = A11984A3217E2B4500249D6B /* Main.storyboard */; };
		A11984A7217E2B4700249D6B /* Assets.xcassets in Resources */ = {isa = PBXBuildFile; fileRef = A11984A6217E2B4700249D6B /* Assets.xcassets */; };
		A11984AA217E2B4700249D6B /* LaunchScreen.storyboard in Resources */ = {isa = PBXBuildFile; fileRef = A11984A8217E2B4700249D6B /* LaunchScreen.storyboard */; };
		A11984B2217E41B100249D6B /* Profile.storyboard in Resources */ = {isa = PBXBuildFile; fileRef = A11984B1217E41B100249D6B /* Profile.storyboard */; };
		A1343B6C217F901C00170C0B /* UserCell.swift in Sources */ = {isa = PBXBuildFile; fileRef = A1343B6B217F901C00170C0B /* UserCell.swift */; };
		A1343B71217F9EAA00170C0B /* GeneralUsersViewController.swift in Sources */ = {isa = PBXBuildFile; fileRef = A1343B70217F9EAA00170C0B /* GeneralUsersViewController.swift */; };
		A1343B73217F9EF400170C0B /* SavedUsersViewController.swift in Sources */ = {isa = PBXBuildFile; fileRef = A1343B72217F9EF400170C0B /* SavedUsersViewController.swift */; };
		A1343B75217FA2E200170C0B /* UsersTableView.swift in Sources */ = {isa = PBXBuildFile; fileRef = A1343B74217FA2E200170C0B /* UsersTableView.swift */; };
		A1343B7A2180E15000170C0B /* ProfileViewController.swift in Sources */ = {isa = PBXBuildFile; fileRef = A1343B792180E15000170C0B /* ProfileViewController.swift */; };
		A1343B7E2180E52500170C0B /* User.swift in Sources */ = {isa = PBXBuildFile; fileRef = A1343B7D2180E52500170C0B /* User.swift */; };
/* End PBXBuildFile section */

/* Begin PBXFileReference section */
		A119849A217E2B4500249D6B /* UsersDemo.app */ = {isa = PBXFileReference; explicitFileType = wrapper.application; includeInIndex = 0; path = UsersDemo.app; sourceTree = BUILT_PRODUCTS_DIR; };
		A119849D217E2B4500249D6B /* AppDelegate.swift */ = {isa = PBXFileReference; lastKnownFileType = sourcecode.swift; path = AppDelegate.swift; sourceTree = "<group>"; };
		A11984A4217E2B4500249D6B /* Base */ = {isa = PBXFileReference; lastKnownFileType = file.storyboard; name = Base; path = Base.lproj/Main.storyboard; sourceTree = "<group>"; };
		A11984A6217E2B4700249D6B /* Assets.xcassets */ = {isa = PBXFileReference; lastKnownFileType = folder.assetcatalog; path = Assets.xcassets; sourceTree = "<group>"; };
		A11984A9217E2B4700249D6B /* Base */ = {isa = PBXFileReference; lastKnownFileType = file.storyboard; name = Base; path = Base.lproj/LaunchScreen.storyboard; sourceTree = "<group>"; };
		A11984AB217E2B4700249D6B /* Info.plist */ = {isa = PBXFileReference; lastKnownFileType = text.plist.xml; path = Info.plist; sourceTree = "<group>"; };
		A11984B1217E41B100249D6B /* Profile.storyboard */ = {isa = PBXFileReference; lastKnownFileType = file.storyboard; path = Profile.storyboard; sourceTree = "<group>"; };
		A1343B6B217F901C00170C0B /* UserCell.swift */ = {isa = PBXFileReference; lastKnownFileType = sourcecode.swift; path = UserCell.swift; sourceTree = "<group>"; };
		A1343B70217F9EAA00170C0B /* GeneralUsersViewController.swift */ = {isa = PBXFileReference; lastKnownFileType = sourcecode.swift; path = GeneralUsersViewController.swift; sourceTree = "<group>"; };
		A1343B72217F9EF400170C0B /* SavedUsersViewController.swift */ = {isa = PBXFileReference; lastKnownFileType = sourcecode.swift; path = SavedUsersViewController.swift; sourceTree = "<group>"; };
		A1343B74217FA2E200170C0B /* UsersTableView.swift */ = {isa = PBXFileReference; lastKnownFileType = sourcecode.swift; path = UsersTableView.swift; sourceTree = "<group>"; };
		A1343B792180E15000170C0B /* ProfileViewController.swift */ = {isa = PBXFileReference; lastKnownFileType = sourcecode.swift; path = ProfileViewController.swift; sourceTree = "<group>"; };
		A1343B7D2180E52500170C0B /* User.swift */ = {isa = PBXFileReference; lastKnownFileType = sourcecode.swift; path = User.swift; sourceTree = "<group>"; };
/* End PBXFileReference section */

/* Begin PBXFrameworksBuildPhase section */
		A1198497217E2B4500249D6B /* Frameworks */ = {
			isa = PBXFrameworksBuildPhase;
			buildActionMask = 2147483647;
			files = (
			);
			runOnlyForDeploymentPostprocessing = 0;
		};
/* End PBXFrameworksBuildPhase section */

/* Begin PBXGroup section */
		A1198491217E2B4500249D6B = {
			isa = PBXGroup;
			children = (
				A119849C217E2B4500249D6B /* UsersDemo */,
				A119849B217E2B4500249D6B /* Products */,
			);
			sourceTree = "<group>";
		};
		A119849B217E2B4500249D6B /* Products */ = {
			isa = PBXGroup;
			children = (
				A119849A217E2B4500249D6B /* UsersDemo.app */,
			);
			name = Products;
			sourceTree = "<group>";
		};
		A119849C217E2B4500249D6B /* UsersDemo */ = {
			isa = PBXGroup;
			children = (
				A1343B7C2180E50C00170C0B /* Model */,
				A1343B7B2180E50600170C0B /* New Group */,
				A1343B6F217F9E8500170C0B /* Controllers */,
				A1343B68217F8FCF00170C0B /* Core */,
				A1343B67217F8F2F00170C0B /* Storyboards */,
				A1343B66217F8F2600170C0B /* Models */,
				A119849D217E2B4500249D6B /* AppDelegate.swift */,
				A11984A6217E2B4700249D6B /* Assets.xcassets */,
				A11984AB217E2B4700249D6B /* Info.plist */,
			);
			path = UsersDemo;
			sourceTree = "<group>";
		};
		A1343B66217F8F2600170C0B /* Models */ = {
			isa = PBXGroup;
			children = (
			);
			path = Models;
			sourceTree = "<group>";
		};
		A1343B67217F8F2F00170C0B /* Storyboards */ = {
			isa = PBXGroup;
			children = (
				A11984A8217E2B4700249D6B /* LaunchScreen.storyboard */,
				A11984B1217E41B100249D6B /* Profile.storyboard */,
				A11984A3217E2B4500249D6B /* Main.storyboard */,
			);
			path = Storyboards;
			sourceTree = "<group>";
		};
		A1343B68217F8FCF00170C0B /* Core */ = {
			isa = PBXGroup;
			children = (
				A1343B6A217F8FF800170C0B /* ProfileStoryboard */,
				A1343B69217F8FDA00170C0B /* MainStoryboard */,
			);
			path = Core;
			sourceTree = "<group>";
		};
		A1343B69217F8FDA00170C0B /* MainStoryboard */ = {
			isa = PBXGroup;
			children = (
				A1343B76217FB12500170C0B /* Protocols */,
				A1343B6B217F901C00170C0B /* UserCell.swift */,
				A1343B74217FA2E200170C0B /* UsersTableView.swift */,
			);
			path = MainStoryboard;
			sourceTree = "<group>";
		};
		A1343B6A217F8FF800170C0B /* ProfileStoryboard */ = {
			isa = PBXGroup;
			children = (
			);
			path = ProfileStoryboard;
			sourceTree = "<group>";
		};
		A1343B6F217F9E8500170C0B /* Controllers */ = {
			isa = PBXGroup;
			children = (
				A1343B70217F9EAA00170C0B /* GeneralUsersViewController.swift */,
				A1343B72217F9EF400170C0B /* SavedUsersViewController.swift */,
				A1343B792180E15000170C0B /* ProfileViewController.swift */,
			);
			path = Controllers;
			sourceTree = "<group>";
		};
		A1343B76217FB12500170C0B /* Protocols */ = {
			isa = PBXGroup;
			children = (
			);
			path = Protocols;
			sourceTree = "<group>";
		};
		A1343B7B2180E50600170C0B /* New Group */ = {
			isa = PBXGroup;
			children = (
			);
			path = "New Group";
			sourceTree = "<group>";
		};
		A1343B7C2180E50C00170C0B /* Model */ = {
			isa = PBXGroup;
			children = (
				A1343B7D2180E52500170C0B /* User.swift */,
			);
			path = Model;
			sourceTree = "<group>";
		};
/* End PBXGroup section */

/* Begin PBXNativeTarget section */
		A1198499217E2B4500249D6B /* UsersDemo */ = {
			isa = PBXNativeTarget;
			buildConfigurationList = A11984AE217E2B4700249D6B /* Build configuration list for PBXNativeTarget "UsersDemo" */;
			buildPhases = (
				A1198496217E2B4500249D6B /* Sources */,
				A1198497217E2B4500249D6B /* Frameworks */,
				A1198498217E2B4500249D6B /* Resources */,
			);
			buildRules = (
			);
			dependencies = (
			);
			name = UsersDemo;
			productName = UsersDemo;
			productReference = A119849A217E2B4500249D6B /* UsersDemo.app */;
			productType = "com.apple.product-type.application";
		};
/* End PBXNativeTarget section */

/* Begin PBXProject section */
		A1198492217E2B4500249D6B /* Project object */ = {
			isa = PBXProject;
			attributes = {
				LastSwiftUpdateCheck = 1000;
				LastUpgradeCheck = 1000;
				ORGANIZATIONNAME = "Andrey Popazov";
				TargetAttributes = {
					A1198499217E2B4500249D6B = {
						CreatedOnToolsVersion = 10.0;
					};
				};
			};
			buildConfigurationList = A1198495217E2B4500249D6B /* Build configuration list for PBXProject "UsersDemo" */;
			compatibilityVersion = "Xcode 9.3";
			developmentRegion = en;
			hasScannedForEncodings = 0;
			knownRegions = (
				en,
				Base,
			);
			mainGroup = A1198491217E2B4500249D6B;
			productRefGroup = A119849B217E2B4500249D6B /* Products */;
			projectDirPath = "";
			projectRoot = "";
			targets = (
				A1198499217E2B4500249D6B /* UsersDemo */,
			);
		};
/* End PBXProject section */

/* Begin PBXResourcesBuildPhase section */
		A1198498217E2B4500249D6B /* Resources */ = {
			isa = PBXResourcesBuildPhase;
			buildActionMask = 2147483647;
			files = (
				A11984AA217E2B4700249D6B /* LaunchScreen.storyboard in Resources */,
				A11984A7217E2B4700249D6B /* Assets.xcassets in Resources */,
				A11984B2217E41B100249D6B /* Profile.storyboard in Resources */,
				A11984A5217E2B4500249D6B /* Main.storyboard in Resources */,
			);
			runOnlyForDeploymentPostprocessing = 0;
		};
/* End PBXResourcesBuildPhase section */

/* Begin PBXSourcesBuildPhase section */
		A1198496217E2B4500249D6B /* Sources */ = {
			isa = PBXSourcesBuildPhase;
			buildActionMask = 2147483647;
			files = (
				A1343B7A2180E15000170C0B /* ProfileViewController.swift in Sources */,
				A1343B75217FA2E200170C0B /* UsersTableView.swift in Sources */,
				A1343B6C217F901C00170C0B /* UserCell.swift in Sources */,
				A1343B73217F9EF400170C0B /* SavedUsersViewController.swift in Sources */,
				A1343B71217F9EAA00170C0B /* GeneralUsersViewController.swift in Sources */,
				A119849E217E2B4500249D6B /* AppDelegate.swift in Sources */,
				A1343B7E2180E52500170C0B /* User.swift in Sources */,
			);
			runOnlyForDeploymentPostprocessing = 0;
		};
/* End PBXSourcesBuildPhase section */

/* Begin PBXVariantGroup section */
		A11984A3217E2B4500249D6B /* Main.storyboard */ = {
			isa = PBXVariantGroup;
			children = (
				A11984A4217E2B4500249D6B /* Base */,
			);
			name = Main.storyboard;
			sourceTree = "<group>";
		};
		A11984A8217E2B4700249D6B /* LaunchScreen.storyboard */ = {
			isa = PBXVariantGroup;
			children = (
				A11984A9217E2B4700249D6B /* Base */,
			);
			name = LaunchScreen.storyboard;
			sourceTree = "<group>";
		};
/* End PBXVariantGroup section */

/* Begin XCBuildConfiguration section */
		A11984AC217E2B4700249D6B /* Debug */ = {
			isa = XCBuildConfiguration;
			buildSettings = {
				ALWAYS_SEARCH_USER_PATHS = NO;
				CLANG_ANALYZER_NONNULL = YES;
				CLANG_ANALYZER_NUMBER_OBJECT_CONVERSION = YES_AGGRESSIVE;
				CLANG_CXX_LANGUAGE_STANDARD = "gnu++14";
				CLANG_CXX_LIBRARY = "libc++";
				CLANG_ENABLE_MODULES = YES;
				CLANG_ENABLE_OBJC_ARC = YES;
				CLANG_ENABLE_OBJC_WEAK = YES;
				CLANG_WARN_BLOCK_CAPTURE_AUTORELEASING = YES;
				CLANG_WARN_BOOL_CONVERSION = YES;
				CLANG_WARN_COMMA = YES;
				CLANG_WARN_CONSTANT_CONVERSION = YES;
				CLANG_WARN_DEPRECATED_OBJC_IMPLEMENTATIONS = YES;
				CLANG_WARN_DIRECT_OBJC_ISA_USAGE = YES_ERROR;
				CLANG_WARN_DOCUMENTATION_COMMENTS = YES;
				CLANG_WARN_EMPTY_BODY = YES;
				CLANG_WARN_ENUM_CONVERSION = YES;
				CLANG_WARN_INFINITE_RECURSION = YES;
				CLANG_WARN_INT_CONVERSION = YES;
				CLANG_WARN_NON_LITERAL_NULL_CONVERSION = YES;
				CLANG_WARN_OBJC_IMPLICIT_RETAIN_SELF = YES;
				CLANG_WARN_OBJC_LITERAL_CONVERSION = YES;
				CLANG_WARN_OBJC_ROOT_CLASS = YES_ERROR;
				CLANG_WARN_RANGE_LOOP_ANALYSIS = YES;
				CLANG_WARN_STRICT_PROTOTYPES = YES;
				CLANG_WARN_SUSPICIOUS_MOVE = YES;
				CLANG_WARN_UNGUARDED_AVAILABILITY = YES_AGGRESSIVE;
				CLANG_WARN_UNREACHABLE_CODE = YES;
				CLANG_WARN__DUPLICATE_METHOD_MATCH = YES;
				CODE_SIGN_IDENTITY = "iPhone Developer";
				COPY_PHASE_STRIP = NO;
				DEBUG_INFORMATION_FORMAT = dwarf;
				ENABLE_STRICT_OBJC_MSGSEND = YES;
				ENABLE_TESTABILITY = YES;
				GCC_C_LANGUAGE_STANDARD = gnu11;
				GCC_DYNAMIC_NO_PIC = NO;
				GCC_NO_COMMON_BLOCKS = YES;
				GCC_OPTIMIZATION_LEVEL = 0;
				GCC_PREPROCESSOR_DEFINITIONS = (
					"DEBUG=1",
					"$(inherited)",
				);
				GCC_WARN_64_TO_32_BIT_CONVERSION = YES;
				GCC_WARN_ABOUT_RETURN_TYPE = YES_ERROR;
				GCC_WARN_UNDECLARED_SELECTOR = YES;
				GCC_WARN_UNINITIALIZED_AUTOS = YES_AGGRESSIVE;
				GCC_WARN_UNUSED_FUNCTION = YES;
				GCC_WARN_UNUSED_VARIABLE = YES;
				IPHONEOS_DEPLOYMENT_TARGET = 12.0;
				MTL_ENABLE_DEBUG_INFO = INCLUDE_SOURCE;
				MTL_FAST_MATH = YES;
				ONLY_ACTIVE_ARCH = YES;
				SDKROOT = iphoneos;
				SWIFT_ACTIVE_COMPILATION_CONDITIONS = DEBUG;
				SWIFT_OPTIMIZATION_LEVEL = "-Onone";
			};
			name = Debug;
		};
		A11984AD217E2B4700249D6B /* Release */ = {
			isa = XCBuildConfiguration;
			buildSettings = {
				ALWAYS_SEARCH_USER_PATHS = NO;
				CLANG_ANALYZER_NONNULL = YES;
				CLANG_ANALYZER_NUMBER_OBJECT_CONVERSION = YES_AGGRESSIVE;
				CLANG_CXX_LANGUAGE_STANDARD = "gnu++14";
				CLANG_CXX_LIBRARY = "libc++";
				CLANG_ENABLE_MODULES = YES;
				CLANG_ENABLE_OBJC_ARC = YES;
				CLANG_ENABLE_OBJC_WEAK = YES;
				CLANG_WARN_BLOCK_CAPTURE_AUTORELEASING = YES;
				CLANG_WARN_BOOL_CONVERSION = YES;
				CLANG_WARN_COMMA = YES;
				CLANG_WARN_CONSTANT_CONVERSION = YES;
				CLANG_WARN_DEPRECATED_OBJC_IMPLEMENTATIONS = YES;
				CLANG_WARN_DIRECT_OBJC_ISA_USAGE = YES_ERROR;
				CLANG_WARN_DOCUMENTATION_COMMENTS = YES;
				CLANG_WARN_EMPTY_BODY = YES;
				CLANG_WARN_ENUM_CONVERSION = YES;
				CLANG_WARN_INFINITE_RECURSION = YES;
				CLANG_WARN_INT_CONVERSION = YES;
				CLANG_WARN_NON_LITERAL_NULL_CONVERSION = YES;
				CLANG_WARN_OBJC_IMPLICIT_RETAIN_SELF = YES;
				CLANG_WARN_OBJC_LITERAL_CONVERSION = YES;
				CLANG_WARN_OBJC_ROOT_CLASS = YES_ERROR;
				CLANG_WARN_RANGE_LOOP_ANALYSIS = YES;
				CLANG_WARN_STRICT_PROTOTYPES = YES;
				CLANG_WARN_SUSPICIOUS_MOVE = YES;
				CLANG_WARN_UNGUARDED_AVAILABILITY = YES_AGGRESSIVE;
				CLANG_WARN_UNREACHABLE_CODE = YES;
				CLANG_WARN__DUPLICATE_METHOD_MATCH = YES;
				CODE_SIGN_IDENTITY = "iPhone Developer";
				COPY_PHASE_STRIP = NO;
				DEBUG_INFORMATION_FORMAT = "dwarf-with-dsym";
				ENABLE_NS_ASSERTIONS = NO;
				ENABLE_STRICT_OBJC_MSGSEND = YES;
				GCC_C_LANGUAGE_STANDARD = gnu11;
				GCC_NO_COMMON_BLOCKS = YES;
				GCC_WARN_64_TO_32_BIT_CONVERSION = YES;
				GCC_WARN_ABOUT_RETURN_TYPE = YES_ERROR;
				GCC_WARN_UNDECLARED_SELECTOR = YES;
				GCC_WARN_UNINITIALIZED_AUTOS = YES_AGGRESSIVE;
				GCC_WARN_UNUSED_FUNCTION = YES;
				GCC_WARN_UNUSED_VARIABLE = YES;
				IPHONEOS_DEPLOYMENT_TARGET = 12.0;
				MTL_ENABLE_DEBUG_INFO = NO;
				MTL_FAST_MATH = YES;
				SDKROOT = iphoneos;
				SWIFT_COMPILATION_MODE = wholemodule;
				SWIFT_OPTIMIZATION_LEVEL = "-O";
				VALIDATE_PRODUCT = YES;
			};
			name = Release;
		};
		A11984AF217E2B4700249D6B /* Debug */ = {
			isa = XCBuildConfiguration;
			buildSettings = {
				ASSETCATALOG_COMPILER_APPICON_NAME = AppIcon;
				CODE_SIGN_STYLE = Automatic;
				DEVELOPMENT_TEAM = M7RFR68QR6;
				INFOPLIST_FILE = UsersDemo/Info.plist;
				LD_RUNPATH_SEARCH_PATHS = (
					"$(inherited)",
					"@executable_path/Frameworks",
				);
				PRODUCT_BUNDLE_IDENTIFIER = Existence.UsersDemo;
				PRODUCT_NAME = "$(TARGET_NAME)";
				SWIFT_VERSION = 4.2;
				TARGETED_DEVICE_FAMILY = "1,2";
			};
			name = Debug;
		};
		A11984B0217E2B4700249D6B /* Release */ = {
			isa = XCBuildConfiguration;
			buildSettings = {
				ASSETCATALOG_COMPILER_APPICON_NAME = AppIcon;
				CODE_SIGN_STYLE = Automatic;
				DEVELOPMENT_TEAM = M7RFR68QR6;
				INFOPLIST_FILE = UsersDemo/Info.plist;
				LD_RUNPATH_SEARCH_PATHS = (
					"$(inherited)",
					"@executable_path/Frameworks",
				);
				PRODUCT_BUNDLE_IDENTIFIER = Existence.UsersDemo;
				PRODUCT_NAME = "$(TARGET_NAME)";
				SWIFT_VERSION = 4.2;
				TARGETED_DEVICE_FAMILY = "1,2";
			};
			name = Release;
		};
/* End XCBuildConfiguration section */

/* Begin XCConfigurationList section */
		A1198495217E2B4500249D6B /* Build configuration list for PBXProject "UsersDemo" */ = {
			isa = XCConfigurationList;
			buildConfigurations = (
				A11984AC217E2B4700249D6B /* Debug */,
				A11984AD217E2B4700249D6B /* Release */,
			);
			defaultConfigurationIsVisible = 0;
			defaultConfigurationName = Release;
		};
		A11984AE217E2B4700249D6B /* Build configuration list for PBXNativeTarget "UsersDemo" */ = {
			isa = XCConfigurationList;
			buildConfigurations = (
				A11984AF217E2B4700249D6B /* Debug */,
				A11984B0217E2B4700249D6B /* Release */,
			);
			defaultConfigurationIsVisible = 0;
			defaultConfigurationName = Release;
		};
/* End XCConfigurationList section */
	};
	rootObject = A1198492217E2B4500249D6B /* Project object */;
}
